
Microsoft Visual Studio Solution File, Format Version 12.00
# Visual Studio Version 16
VisualStudioVersion = 16.0.30225.117
MinimumVisualStudioVersion = 10.0.40219.1
Project("{FAE04EC0-301F-11D3-BF4B-00C04F79EFBC}") = "TestIdentityWebApplication", "TestIdentityWebApplication\TestIdentityWebApplication.csproj", "{4D8D6BC0-94C1-423C-8C15-D1B7C7085D81}"
EndProject
Global
	GlobalSection(SolutionConfigurationPlatforms) = preSolution
		Debug|Any CPU = Debug|Any CPU
		Release|Any CPU = Release|Any CPU
	EndGlobalSection
	GlobalSection(ProjectConfigurationPlatforms) = postSolution
		{4D8D6BC0-94C1-423C-8C15-D1B7C7085D81}.Debug|Any CPU.ActiveCfg = Debug|Any CPU
		{4D8D6BC0-94C1-423C-8C15-D1B7C7085D81}.Debug|Any CPU.Build.0 = Debug|Any CPU
		{4D8D6BC0-94C1-423C-8C15-D1B7C7085D81}.Release|Any CPU.ActiveCfg = Release|Any CPU
		{4D8D6BC0-94C1-423C-8C15-D1B7C7085D81}.Release|Any CPU.Build.0 = Release|Any CPU
	EndGlobalSection
	GlobalSection(SolutionProperties) = preSolution
		HideSolutionNode = FALSE
	EndGlobalSection
	GlobalSection(ExtensibilityGlobals) = postSolution
		SolutionGuid = {25DD4C09-DE24-408E-AB20-914C81601751}
	EndGlobalSection
EndGlobal
