
Microsoft Visual Studio Solution File, Format Version 12.00
# Visual Studio Version 16
VisualStudioVersion = 16.0.29326.143
MinimumVisualStudioVersion = 10.0.40219.1
Project("{FAE04EC0-301F-11D3-BF4B-00C04F79EFBC}") = "RepositoryPatternApp", "RepositoryPatternApp\RepositoryPatternApp.csproj", "{4E7D93BD-73E1-4F68-AEC8-5C033AA2E90A}"
EndProject
Global
	GlobalSection(SolutionConfigurationPlatforms) = preSolution
		Debug|Any CPU = Debug|Any CPU
		Release|Any CPU = Release|Any CPU
	EndGlobalSection
	GlobalSection(ProjectConfigurationPlatforms) = postSolution
		{4E7D93BD-73E1-4F68-AEC8-5C033AA2E90A}.Debug|Any CPU.ActiveCfg = Debug|Any CPU
		{4E7D93BD-73E1-4F68-AEC8-5C033AA2E90A}.Debug|Any CPU.Build.0 = Debug|Any CPU
		{4E7D93BD-73E1-4F68-AEC8-5C033AA2E90A}.Release|Any CPU.ActiveCfg = Release|Any CPU
		{4E7D93BD-73E1-4F68-AEC8-5C033AA2E90A}.Release|Any CPU.Build.0 = Release|Any CPU
	EndGlobalSection
	GlobalSection(SolutionProperties) = preSolution
		HideSolutionNode = FALSE
	EndGlobalSection
	GlobalSection(ExtensibilityGlobals) = postSolution
		SolutionGuid = {6F4B024D-30CF-4013-BCED-E27CC5813BF5}
	EndGlobalSection
EndGlobal
