
Microsoft Visual Studio Solution File, Format Version 12.00
# Visual Studio Version 16
VisualStudioVersion = 16.0.29306.81
MinimumVisualStudioVersion = 10.0.40219.1
Project("{FAE04EC0-301F-11D3-BF4B-00C04F79EFBC}") = "InMemorySample", "InMemorySample\InMemorySample.csproj", "{356CDBBA-0742-4301-A542-5E891C2708D3}"
EndProject
Global
	GlobalSection(SolutionConfigurationPlatforms) = preSolution
		Debug|Any CPU = Debug|Any CPU
		Release|Any CPU = Release|Any CPU
	EndGlobalSection
	GlobalSection(ProjectConfigurationPlatforms) = postSolution
		{356CDBBA-0742-4301-A542-5E891C2708D3}.Debug|Any CPU.ActiveCfg = Debug|Any CPU
		{356CDBBA-0742-4301-A542-5E891C2708D3}.Debug|Any CPU.Build.0 = Debug|Any CPU
		{356CDBBA-0742-4301-A542-5E891C2708D3}.Release|Any CPU.ActiveCfg = Release|Any CPU
		{356CDBBA-0742-4301-A542-5E891C2708D3}.Release|Any CPU.Build.0 = Release|Any CPU
	EndGlobalSection
	GlobalSection(SolutionProperties) = preSolution
		HideSolutionNode = FALSE
	EndGlobalSection
	GlobalSection(ExtensibilityGlobals) = postSolution
		SolutionGuid = {6BA14125-FEFF-4F50-AED9-9D76351A63D8}
	EndGlobalSection
EndGlobal
